
Microsoft Visual Studio Solution File, Format Version 12.00
# Visual Studio Version 17
VisualStudioVersion = 17.9.34414.90
MinimumVisualStudioVersion = 10.0.40219.1
Project("{9A19103F-16F7-4668-BE54-9A1E7A4F7556}") = "EverythingNet", "EverythingNet\EverythingNet.csproj", "{050B11F0-0F1E-4BBA-9EAD-467DE2EFD4C6}"
EndProject
Project("{9A19103F-16F7-4668-BE54-9A1E7A4F7556}") = "EverythingNet.Bench", "EverythingNet.Bench\EverythingNet.Bench.csproj", "{5F733235-99DF-4763-9D63-A50617D0E3E4}"
EndProject
Project("{9A19103F-16F7-4668-BE54-9A1E7A4F7556}") = "EverythingNet.Tests", "EverythingNet.Tests\EverythingNet.Tests.csproj", "{157E59A0-552D-42FD-B7E2-70608E42A2E8}"
EndProject
Global
	GlobalSection(SolutionConfigurationPlatforms) = preSolution
		Debug|Any CPU = Debug|Any CPU
		Release|Any CPU = Release|Any CPU
	EndGlobalSection
	GlobalSection(ProjectConfigurationPlatforms) = postSolution
		{050B11F0-0F1E-4BBA-9EAD-467DE2EFD4C6}.Debug|Any CPU.ActiveCfg = Debug|Any CPU
		{050B11F0-0F1E-4BBA-9EAD-467DE2EFD4C6}.Debug|Any CPU.Build.0 = Debug|Any CPU
		{050B11F0-0F1E-4BBA-9EAD-467DE2EFD4C6}.Release|Any CPU.ActiveCfg = Release|Any CPU
		{050B11F0-0F1E-4BBA-9EAD-467DE2EFD4C6}.Release|Any CPU.Build.0 = Release|Any CPU
		{5F733235-99DF-4763-9D63-A50617D0E3E4}.Debug|Any CPU.ActiveCfg = Debug|Any CPU
		{5F733235-99DF-4763-9D63-A50617D0E3E4}.Debug|Any CPU.Build.0 = Debug|Any CPU
		{5F733235-99DF-4763-9D63-A50617D0E3E4}.Release|Any CPU.ActiveCfg = Release|Any CPU
		{5F733235-99DF-4763-9D63-A50617D0E3E4}.Release|Any CPU.Build.0 = Release|Any CPU
		{157E59A0-552D-42FD-B7E2-70608E42A2E8}.Debug|Any CPU.ActiveCfg = Debug|Any CPU
		{157E59A0-552D-42FD-B7E2-70608E42A2E8}.Debug|Any CPU.Build.0 = Debug|Any CPU
		{157E59A0-552D-42FD-B7E2-70608E42A2E8}.Release|Any CPU.ActiveCfg = Release|Any CPU
		{157E59A0-552D-42FD-B7E2-70608E42A2E8}.Release|Any CPU.Build.0 = Release|Any CPU
	EndGlobalSection
	GlobalSection(SolutionProperties) = preSolution
		HideSolutionNode = FALSE
	EndGlobalSection
	GlobalSection(ExtensibilityGlobals) = postSolution
		SolutionGuid = {D104ED97-3318-4572-8FF8-1B92856BA291}
	EndGlobalSection
EndGlobal
